
Microsoft Visual Studio Solution File, Format Version 12.00
# Visual Studio Version 17
VisualStudioVersion = 17.8.34408.163
MinimumVisualStudioVersion = 10.0.40219.1
Project("{9A19103F-16F7-4668-BE54-9A1E7A4F7556}") = "ShortestRouteOptimizer.API", "ShortestRouteOptimizer.API\ShortestRouteOptimizer.API.csproj", "{5851D1EE-F573-4D74-AAD1-E8A032B8AF34}"
EndProject
Project("{9A19103F-16F7-4668-BE54-9A1E7A4F7556}") = "ShortestRouteOptimizer.Service", "ShortestRouteOptimizer.Service\ShortestRouteOptimizer.Service.csproj", "{6FA0F302-5733-45A8-8E08-5ADB084EE83D}"
EndProject
Project("{9A19103F-16F7-4668-BE54-9A1E7A4F7556}") = "ShortestRouteOptimizer.Models", "ShortestRouteOptimizer.Models\ShortestRouteOptimizer.Models.csproj", "{F5DA762F-75B6-4783-8F8C-7F3837B5DD78}"
EndProject
Project("{9A19103F-16F7-4668-BE54-9A1E7A4F7556}") = "ShortestRouteOptimizer.Data", "ShortestRouteOptimizer.Data\ShortestRouteOptimizer.Data.csproj", "{03AC665F-BBB9-47BF-8217-E977B7CCD0C8}"
EndProject
Project("{FAE04EC0-301F-11D3-BF4B-00C04F79EFBC}") = "ShortestRouteOptimizer.Console", "ShortestRouteOptimizer.Console\ShortestRouteOptimizer.Console.csproj", "{DF87EE81-534B-430C-8F5B-947F8E9FAA39}"
EndProject
Project("{FAE04EC0-301F-11D3-BF4B-00C04F79EFBC}") = "ShortestRouteOptimizer.Test", "ShortestRouteOptimizer.Test\ShortestRouteOptimizer.Test.csproj", "{8B360DEB-315D-4A38-BEED-6721289CE69F}"
EndProject
Global
	GlobalSection(SolutionConfigurationPlatforms) = preSolution
		Debug|Any CPU = Debug|Any CPU
		Release|Any CPU = Release|Any CPU
	EndGlobalSection
	GlobalSection(ProjectConfigurationPlatforms) = postSolution
		{5851D1EE-F573-4D74-AAD1-E8A032B8AF34}.Debug|Any CPU.ActiveCfg = Debug|Any CPU
		{5851D1EE-F573-4D74-AAD1-E8A032B8AF34}.Debug|Any CPU.Build.0 = Debug|Any CPU
		{5851D1EE-F573-4D74-AAD1-E8A032B8AF34}.Release|Any CPU.ActiveCfg = Release|Any CPU
		{5851D1EE-F573-4D74-AAD1-E8A032B8AF34}.Release|Any CPU.Build.0 = Release|Any CPU
		{6FA0F302-5733-45A8-8E08-5ADB084EE83D}.Debug|Any CPU.ActiveCfg = Debug|Any CPU
		{6FA0F302-5733-45A8-8E08-5ADB084EE83D}.Debug|Any CPU.Build.0 = Debug|Any CPU
		{6FA0F302-5733-45A8-8E08-5ADB084EE83D}.Release|Any CPU.ActiveCfg = Release|Any CPU
		{6FA0F302-5733-45A8-8E08-5ADB084EE83D}.Release|Any CPU.Build.0 = Release|Any CPU
		{F5DA762F-75B6-4783-8F8C-7F3837B5DD78}.Debug|Any CPU.ActiveCfg = Debug|Any CPU
		{F5DA762F-75B6-4783-8F8C-7F3837B5DD78}.Debug|Any CPU.Build.0 = Debug|Any CPU
		{F5DA762F-75B6-4783-8F8C-7F3837B5DD78}.Release|Any CPU.ActiveCfg = Release|Any CPU
		{F5DA762F-75B6-4783-8F8C-7F3837B5DD78}.Release|Any CPU.Build.0 = Release|Any CPU
		{03AC665F-BBB9-47BF-8217-E977B7CCD0C8}.Debug|Any CPU.ActiveCfg = Debug|Any CPU
		{03AC665F-BBB9-47BF-8217-E977B7CCD0C8}.Debug|Any CPU.Build.0 = Debug|Any CPU
		{03AC665F-BBB9-47BF-8217-E977B7CCD0C8}.Release|Any CPU.ActiveCfg = Release|Any CPU
		{03AC665F-BBB9-47BF-8217-E977B7CCD0C8}.Release|Any CPU.Build.0 = Release|Any CPU
		{DF87EE81-534B-430C-8F5B-947F8E9FAA39}.Debug|Any CPU.ActiveCfg = Debug|Any CPU
		{DF87EE81-534B-430C-8F5B-947F8E9FAA39}.Debug|Any CPU.Build.0 = Debug|Any CPU
		{DF87EE81-534B-430C-8F5B-947F8E9FAA39}.Release|Any CPU.ActiveCfg = Release|Any CPU
		{DF87EE81-534B-430C-8F5B-947F8E9FAA39}.Release|Any CPU.Build.0 = Release|Any CPU
		{8B360DEB-315D-4A38-BEED-6721289CE69F}.Debug|Any CPU.ActiveCfg = Debug|Any CPU
		{8B360DEB-315D-4A38-BEED-6721289CE69F}.Debug|Any CPU.Build.0 = Debug|Any CPU
		{8B360DEB-315D-4A38-BEED-6721289CE69F}.Release|Any CPU.ActiveCfg = Release|Any CPU
		{8B360DEB-315D-4A38-BEED-6721289CE69F}.Release|Any CPU.Build.0 = Release|Any CPU
	EndGlobalSection
	GlobalSection(SolutionProperties) = preSolution
		HideSolutionNode = FALSE
	EndGlobalSection
	GlobalSection(ExtensibilityGlobals) = postSolution
		SolutionGuid = {5A55717A-F686-4C51-AA7A-CFEF38C2C191}
	EndGlobalSection
EndGlobal
